
Microsoft Visual Studio Solution File, Format Version 12.00
# Visual Studio 15
Project("{FAE04EC0-301F-11D3-BF4B-00C04F79EFBC}") = "Assembly-CSharp", "Assembly-CSharp.csproj", "{9F8E1BDF-9F81-9D07-70FA-75B6AFD92ACE}"
EndProject
Project("{FAE04EC0-301F-11D3-BF4B-00C04F79EFBC}") = "Oculus.VR", "Oculus.VR.csproj", "{CCF834C9-E5C2-441F-58C3-74BB746C3406}"
EndProject
Project("{FAE04EC0-301F-11D3-BF4B-00C04F79EFBC}") = "Assembly-CSharp-firstpass", "Assembly-CSharp-firstpass.csproj", "{3EB45E63-50C0-CD6E-BDD5-B49E3EAFD715}"
EndProject
Project("{FAE04EC0-301F-11D3-BF4B-00C04F79EFBC}") = "Assembly-CSharp-Editor", "Assembly-CSharp-Editor.csproj", "{88DD1CB1-6E49-51ED-4CC2-DD8491ADD990}"
EndProject
Project("{FAE04EC0-301F-11D3-BF4B-00C04F79EFBC}") = "Oculus.VR.Scripts.Editor", "Oculus.VR.Scripts.Editor.csproj", "{A854304F-5F46-A96C-32A2-EDB083597EBE}"
EndProject
Project("{FAE04EC0-301F-11D3-BF4B-00C04F79EFBC}") = "Oculus.VR.Editor", "Oculus.VR.Editor.csproj", "{B56C3D1A-2D72-1402-6B7E-9D98829DCF15}"
EndProject
Global
	GlobalSection(SolutionConfigurationPlatforms) = preSolution
		Debug|Any CPU = Debug|Any CPU
		Release|Any CPU = Release|Any CPU
	EndGlobalSection
	GlobalSection(ProjectConfigurationPlatforms) = postSolution
		{9F8E1BDF-9F81-9D07-70FA-75B6AFD92ACE}.Debug|Any CPU.ActiveCfg = Debug|Any CPU
		{9F8E1BDF-9F81-9D07-70FA-75B6AFD92ACE}.Debug|Any CPU.Build.0 = Debug|Any CPU
		{9F8E1BDF-9F81-9D07-70FA-75B6AFD92ACE}.Release|Any CPU.ActiveCfg = Release|Any CPU
		{9F8E1BDF-9F81-9D07-70FA-75B6AFD92ACE}.Release|Any CPU.Build.0 = Release|Any CPU
		{CCF834C9-E5C2-441F-58C3-74BB746C3406}.Debug|Any CPU.ActiveCfg = Debug|Any CPU
		{CCF834C9-E5C2-441F-58C3-74BB746C3406}.Debug|Any CPU.Build.0 = Debug|Any CPU
		{CCF834C9-E5C2-441F-58C3-74BB746C3406}.Release|Any CPU.ActiveCfg = Release|Any CPU
		{CCF834C9-E5C2-441F-58C3-74BB746C3406}.Release|Any CPU.Build.0 = Release|Any CPU
		{3EB45E63-50C0-CD6E-BDD5-B49E3EAFD715}.Debug|Any CPU.ActiveCfg = Debug|Any CPU
		{3EB45E63-50C0-CD6E-BDD5-B49E3EAFD715}.Debug|Any CPU.Build.0 = Debug|Any CPU
		{3EB45E63-50C0-CD6E-BDD5-B49E3EAFD715}.Release|Any CPU.ActiveCfg = Release|Any CPU
		{3EB45E63-50C0-CD6E-BDD5-B49E3EAFD715}.Release|Any CPU.Build.0 = Release|Any CPU
		{88DD1CB1-6E49-51ED-4CC2-DD8491ADD990}.Debug|Any CPU.ActiveCfg = Debug|Any CPU
		{88DD1CB1-6E49-51ED-4CC2-DD8491ADD990}.Debug|Any CPU.Build.0 = Debug|Any CPU
		{88DD1CB1-6E49-51ED-4CC2-DD8491ADD990}.Release|Any CPU.ActiveCfg = Release|Any CPU
		{88DD1CB1-6E49-51ED-4CC2-DD8491ADD990}.Release|Any CPU.Build.0 = Release|Any CPU
		{A854304F-5F46-A96C-32A2-EDB083597EBE}.Debug|Any CPU.ActiveCfg = Debug|Any CPU
		{A854304F-5F46-A96C-32A2-EDB083597EBE}.Debug|Any CPU.Build.0 = Debug|Any CPU
		{A854304F-5F46-A96C-32A2-EDB083597EBE}.Release|Any CPU.ActiveCfg = Release|Any CPU
		{A854304F-5F46-A96C-32A2-EDB083597EBE}.Release|Any CPU.Build.0 = Release|Any CPU
		{B56C3D1A-2D72-1402-6B7E-9D98829DCF15}.Debug|Any CPU.ActiveCfg = Debug|Any CPU
		{B56C3D1A-2D72-1402-6B7E-9D98829DCF15}.Debug|Any CPU.Build.0 = Debug|Any CPU
		{B56C3D1A-2D72-1402-6B7E-9D98829DCF15}.Release|Any CPU.ActiveCfg = Release|Any CPU
		{B56C3D1A-2D72-1402-6B7E-9D98829DCF15}.Release|Any CPU.Build.0 = Release|Any CPU
	EndGlobalSection
	GlobalSection(SolutionProperties) = preSolution
		HideSolutionNode = FALSE
	EndGlobalSection
EndGlobal
